
Microsoft Visual Studio Solution File, Format Version 12.00
# Visual Studio Version 17
VisualStudioVersion = 17.9.34607.119
MinimumVisualStudioVersion = 10.0.40219.1
Project("{FAE04EC0-301F-11D3-BF4B-00C04F79EFBC}") = "DemoDotNet8AutoMapperAndDTOs", "DemoDotNet8AutoMapperAndDTOs\DemoDotNet8AutoMapperAndDTOs.csproj", "{1B922051-A6EC-471A-B964-238B794A1BD3}"
EndProject
Global
	GlobalSection(SolutionConfigurationPlatforms) = preSolution
		Debug|Any CPU = Debug|Any CPU
		Release|Any CPU = Release|Any CPU
	EndGlobalSection
	GlobalSection(ProjectConfigurationPlatforms) = postSolution
		{1B922051-A6EC-471A-B964-238B794A1BD3}.Debug|Any CPU.ActiveCfg = Debug|Any CPU
		{1B922051-A6EC-471A-B964-238B794A1BD3}.Debug|Any CPU.Build.0 = Debug|Any CPU
		{1B922051-A6EC-471A-B964-238B794A1BD3}.Release|Any CPU.ActiveCfg = Release|Any CPU
		{1B922051-A6EC-471A-B964-238B794A1BD3}.Release|Any CPU.Build.0 = Release|Any CPU
	EndGlobalSection
	GlobalSection(SolutionProperties) = preSolution
		HideSolutionNode = FALSE
	EndGlobalSection
	GlobalSection(ExtensibilityGlobals) = postSolution
		SolutionGuid = {BBD9730A-9A92-4B1C-BDF4-52DBC031362A}
	EndGlobalSection
EndGlobal
